
Microsoft Visual Studio Solution File, Format Version 12.00
# Visual Studio Version 16
VisualStudioVersion = 16.0.29509.3
MinimumVisualStudioVersion = 10.0.40219.1
Project("{FAE04EC0-301F-11D3-BF4B-00C04F79EFBC}") = "AutoChessOverlay", "AutoChessOverlay\AutoChessOverlay.csproj", "{BF91C77C-449D-4FA2-B595-352C3D5F90A6}"
EndProject
Project("{54435603-DBB4-11D2-8724-00A0C9A8B90C}") = "BoonwinsAutoBattlerOverlay", "BoonwinsAutoBattlerOverlay\BoonwinsAutoBattlerOverlay.vdproj", "{05083E2A-B546-45EC-B193-7B9344B644FC}"
EndProject
Global
	GlobalSection(SolutionConfigurationPlatforms) = preSolution
		Debug|Any CPU = Debug|Any CPU
		Release|Any CPU = Release|Any CPU
	EndGlobalSection
	GlobalSection(ProjectConfigurationPlatforms) = postSolution
		{BF91C77C-449D-4FA2-B595-352C3D5F90A6}.Debug|Any CPU.ActiveCfg = Debug|Any CPU
		{BF91C77C-449D-4FA2-B595-352C3D5F90A6}.Debug|Any CPU.Build.0 = Debug|Any CPU
		{BF91C77C-449D-4FA2-B595-352C3D5F90A6}.Release|Any CPU.ActiveCfg = Release|Any CPU
		{BF91C77C-449D-4FA2-B595-352C3D5F90A6}.Release|Any CPU.Build.0 = Release|Any CPU
		{05083E2A-B546-45EC-B193-7B9344B644FC}.Debug|Any CPU.ActiveCfg = Debug
		{05083E2A-B546-45EC-B193-7B9344B644FC}.Release|Any CPU.ActiveCfg = Release
	EndGlobalSection
	GlobalSection(SolutionProperties) = preSolution
		HideSolutionNode = FALSE
	EndGlobalSection
	GlobalSection(ExtensibilityGlobals) = postSolution
		SolutionGuid = {F8D230BA-A070-4AF7-AD24-540F7EB6BFDA}
	EndGlobalSection
EndGlobal
